
Microsoft Visual Studio Solution File, Format Version 12.00
# Visual Studio Version 17
VisualStudioVersion = 17.10.35013.160
MinimumVisualStudioVersion = 10.0.40219.1
Project("{8BC9CEB8-8B4A-11D0-8D11-00A0C91BC942}") = "OPCUaClient", "OPCUaClient.vcxproj", "{FA643975-B757-4D2F-BBC7-DE94217C464D}"
EndProject
Global
	GlobalSection(SolutionConfigurationPlatforms) = preSolution
		Debug|x64 = Debug|x64
		Debug|x86 = Debug|x86
		Release|x64 = Release|x64
		Release|x86 = Release|x86
	EndGlobalSection
	GlobalSection(ProjectConfigurationPlatforms) = postSolution
		{FA643975-B757-4D2F-BBC7-DE94217C464D}.Debug|x64.ActiveCfg = Debug|x64
		{FA643975-B757-4D2F-BBC7-DE94217C464D}.Debug|x64.Build.0 = Debug|x64
		{FA643975-B757-4D2F-BBC7-DE94217C464D}.Debug|x86.ActiveCfg = Debug|x64
		{FA643975-B757-4D2F-BBC7-DE94217C464D}.Release|x64.ActiveCfg = Release|x64
		{FA643975-B757-4D2F-BBC7-DE94217C464D}.Release|x64.Build.0 = Release|x64
		{FA643975-B757-4D2F-BBC7-DE94217C464D}.Release|x86.ActiveCfg = Release|x64
	EndGlobalSection
	GlobalSection(SolutionProperties) = preSolution
		HideSolutionNode = FALSE
	EndGlobalSection
	GlobalSection(ExtensibilityGlobals) = postSolution
		SolutionGuid = {5C3220F3-9C62-4109-BD2C-D91C9373FDF9}
	EndGlobalSection
EndGlobal
